<?xml version="1.0" encoding="utf-8"?>
<Project ToolsVersion="4.0" xmlns="http://schemas.microsoft.com/developer/msbuild/2003">
  <ItemGroup>
    <Filter Include="Shaders">
      <UniqueIdentifier>{4FC737F1-C7A5-4376-A066-2A32D752A2FF}</UniqueIdentifier>
    </Filter>
    <Filter Include="Core">
      <UniqueIdentifier>{93995380-89BD-4b04-88EB-625FBE52EBFB}</UniqueIdentifier>
    </Filter>
    <Filter Include="Graphics">
      <UniqueIdentifier>{67DA6AB6-F800-4c08-8B7A-83BB121AAD01}</UniqueIdentifier>
    </Filter>
    <Filter Include="Resources">
      <UniqueIdentifier>{35159e7b-5aa0-4d18-9118-c9886cdf1ef5}</UniqueIdentifier>
    </Filter>
    <Filter Include="Logic">
      <UniqueIdentifier>{0fb13ea6-214a-4507-94ce-aa40a45e4116}</UniqueIdentifier>
    </Filter>
    <Filter Include="ThirdParty">
      <UniqueIdentifier>{2d1ea517-2c8a-49e3-a49d-f0a69ccec94b}</UniqueIdentifier>
    </Filter>
    <Filter Include="Passes">
      <UniqueIdentifier>{945c425c-948b-42f5-9ee1-2ab5d4ce9f51}</UniqueIdentifier>
    </Filter>
    <Filter Include="Settings">
      <UniqueIdentifier>{ec2d421f-3a16-4c41-b62d-744fb18d066d}</UniqueIdentifier>
    </Filter>
    <Filter Include="RDG">
      <UniqueIdentifier>{2a9b3764-7b83-4719-b2e1-eab783846441}</UniqueIdentifier>
    </Filter>
  </ItemGroup>
  <ItemGroup>
    <None Include="packages.config" />
    <None Include="Shaders\Shaders_For_Cubemap.hlsl">
      <Filter>Shaders</Filter>
    </None>
    <None Include="Shaders\Shaders_For_Irradiance%28deprecated%29.hlsl">
      <Filter>Shaders</Filter>
    </None>
    <None Include="Shaders\Shaders_For_PBR.hlsl">
      <Filter>Shaders</Filter>
    </None>
    <None Include="Shaders\Shaders_For_Sky_Box.hlsl">
      <Filter>Shaders</Filter>
    </None>
    <None Include="Shaders\Shaders_For_Split_Sum.hlsl">
      <Filter>Shaders</Filter>
    </None>
    <None Include="Shaders\Shaders_For_SH_Calculate.hlsl">
      <Filter>Shaders</Filter>
    </None>
    <None Include="Shaders\Shaders_For_Shadow.hlsl">
      <Filter>Shaders</Filter>
    </None>
    <None Include="Shaders\Shaders_For_PostProcess.hlsl">
      <Filter>Shaders</Filter>
    </None>
    <None Include="Shaders\Shaders_For_ZPrepass.hlsl">
      <Filter>Shaders</Filter>
    </None>
    <None Include="Shaders\DepthVisibility.hlsli">
      <Filter>Shaders</Filter>
    </None>
    <None Include="Shaders\FullscreenTriangle.hlsli">
      <Filter>Shaders</Filter>
    </None>
    <None Include="Shaders\TemporalReconstructionCommon.hlsli">
      <Filter>Shaders</Filter>
    </None>
    <None Include="Shaders\LightingCommon.hlsli">
      <Filter>Shaders</Filter>
    </None>
    <None Include="Shaders\MathCommon.hlsli">
      <Filter>Shaders</Filter>
    </None>
    <None Include="Shaders\MaterialCommon.hlsli">
      <Filter>Shaders</Filter>
    </None>
    <None Include="Shaders\TangentBasis.hlsli">
      <Filter>Shaders</Filter>
    </None>
    <None Include="Shaders\Shaders_For_GBuffer.hlsl">
      <Filter>Shaders</Filter>
    </None>
    <None Include="Shaders\Shaders_For_Deferred.hlsl">
      <Filter>Shaders</Filter>
    </None>
    <None Include="Shaders\Shaders_For_HBAO.hlsl">
      <Filter>Shaders</Filter>
    </None>
    <None Include="Shaders\Shaders_For_TAA.hlsl">
      <Filter>Shaders</Filter>
    </None>
    <None Include="Shaders\Shaders_For_TSR.hlsl">
      <Filter>Shaders</Filter>
    </None>
    <None Include="Shaders\Shaders_For_MotionVector.hlsl">
      <Filter>Shaders</Filter>
    </None>
    <None Include="Shaders\Shaders_For_ScalarTemporal.hlsl">
      <Filter>Shaders</Filter>
    </None>
    <None Include="Settings\Scene.json">
      <Filter>Settings</Filter>
    </None>
    <None Include="Settings\Lighting.json">
      <Filter>Settings</Filter>
    </None>
    <None Include="Settings\Pipeline.json">
      <Filter>Settings</Filter>
    </None>
    <None Include="Settings\Window.json">
      <Filter>Settings</Filter>
    </None>
  </ItemGroup>
  <ItemGroup>
    <ClInclude Include="Core\D3D12App.h">
      <Filter>Core</Filter>
    </ClInclude>
    <ClInclude Include="Core\Window.h">
      <Filter>Core</Filter>
    </ClInclude>
    <ClInclude Include="Core\stdafx.h">
      <Filter>Core</Filter>
    </ClInclude>
    <ClInclude Include="Graphics\PBR_Shader.h">
      <Filter>Graphics</Filter>
    </ClInclude>
    <ClInclude Include="Graphics\PipelineManager.h">
      <Filter>Graphics</Filter>
    </ClInclude>
    <ClInclude Include="Graphics\RenderDevice.h">
      <Filter>Graphics</Filter>
    </ClInclude>
    <ClInclude Include="Graphics\DLSSManager.h">
      <Filter>Graphics</Filter>
    </ClInclude>
    <ClInclude Include="Graphics\DLSSQuality.h">
      <Filter>Graphics</Filter>
    </ClInclude>
    <ClInclude Include="Resources\PBR_Model.h">
      <Filter>Resources</Filter>
    </ClInclude>
    <ClInclude Include="Resources\IBLBaker.h">
      <Filter>Resources</Filter>
    </ClInclude>
    <ClInclude Include="Resources\ResourceManager.h">
      <Filter>Resources</Filter>
    </ClInclude>
    <ClInclude Include="Logic\Camera.h">
      <Filter>Logic</Filter>
    </ClInclude>
    <ClInclude Include="Logic\SceneObject.h">
      <Filter>Logic</Filter>
    </ClInclude>
    <ClInclude Include="Logic\InputManager.h">
      <Filter>Logic</Filter>
    </ClInclude>
    <ClInclude Include="ThirdParty\stb_image.h">
      <Filter>ThirdParty</Filter>
    </ClInclude>
    <ClInclude Include="ThirdParty\tiny_gltf.h">
      <Filter>ThirdParty</Filter>
    </ClInclude>
    <ClInclude Include="ThirdParty\json.hpp">
      <Filter>ThirdParty</Filter>
    </ClInclude>
    <ClInclude Include="Passes\RenderStructs.h">
      <Filter>Passes</Filter>
    </ClInclude>
    <ClInclude Include="Passes\ShadowPass.h">
      <Filter>Passes</Filter>
    </ClInclude>
    <ClInclude Include="Passes\SkyboxPass.h">
      <Filter>Passes</Filter>
    </ClInclude>
    <ClInclude Include="Passes\PostProcessPass.h">
      <Filter>Passes</Filter>
    </ClInclude>
    <ClInclude Include="Passes\PBRPass.h">
      <Filter>Passes</Filter>
    </ClInclude>
    <ClInclude Include="ThirdParty\meshoptimizer.h">
      <Filter>ThirdParty</Filter>
    </ClInclude>
    <ClInclude Include="Passes\GbufferPass.h">
      <Filter>Passes</Filter>
    </ClInclude>
    <ClInclude Include="Passes\DeferredLightingPass.h">
      <Filter>Passes</Filter>
    </ClInclude>
    <ClInclude Include="Passes\HBAOPass.h">
      <Filter>Passes</Filter>
    </ClInclude>
    <ClInclude Include="Passes\TAAPass.h">
      <Filter>Passes</Filter>
    </ClInclude>
    <ClInclude Include="Passes\TemporalReconstructionShared.h">
      <Filter>Passes</Filter>
    </ClInclude>
    <ClInclude Include="Passes\TSRPass.h">
      <Filter>Passes</Filter>
    </ClInclude>
    <ClInclude Include="Passes\MotionVectorPass.h">
      <Filter>Passes</Filter>
    </ClInclude>
    <ClInclude Include="Passes\DLSSPass.h">
      <Filter>Passes</Filter>
    </ClInclude>
    <ClInclude Include="Passes\ScalarTemporalFilterPass.h">
      <Filter>Passes</Filter>
    </ClInclude>
    <ClInclude Include="Resources\Settings_Manager.h">
      <Filter>Resources</Filter>
    </ClInclude>
    <ClInclude Include="RDG\RDG.h">
      <Filter>RDG</Filter>
    </ClInclude>
    <ClInclude Include="RDG\RDGResourceLease.h">
      <Filter>RDG</Filter>
    </ClInclude>
  </ItemGroup>
  <ItemGroup>
    <ClCompile Include="PBR_Render.cpp" />
  </ItemGroup>
</Project>
