<?xml version="1.0" encoding="utf-8"?>
<Project ToolsVersion="4.0" xmlns="http://schemas.microsoft.com/developer/msbuild/2003">
  <ItemGroup>
    <Filter Include="源文件">
      <UniqueIdentifier>{4FC737F1-C7A5-4376-A066-2A32D752A2FF}</UniqueIdentifier>
      <Extensions>cpp;c;cc;cxx;c++;cppm;ixx;def;odl;idl;hpj;bat;asm;asmx</Extensions>
    </Filter>
    <Filter Include="头文件">
      <UniqueIdentifier>{93995380-89BD-4b04-88EB-625FBE52EBFB}</UniqueIdentifier>
      <Extensions>h;hh;hpp;hxx;h++;hm;inl;inc;ipp;xsd</Extensions>
    </Filter>
    <Filter Include="资源文件">
      <UniqueIdentifier>{67DA6AB6-F800-4c08-8B7A-83BB121AAD01}</UniqueIdentifier>
      <Extensions>rc;ico;cur;bmp;dlg;rc2;rct;bin;rgs;gif;jpg;jpeg;jpe;resx;tiff;tif;png;wav;mfcribbon-ms</Extensions>
    </Filter>
    <Filter Include="源文件\Shaders">
      <UniqueIdentifier>{35159e7b-5aa0-4d18-9118-c9886cdf1ef5}</UniqueIdentifier>
    </Filter>
    <Filter Include="头文件\Scene_Assets">
      <UniqueIdentifier>{9b7925ba-3362-4701-b552-1b94572ab668}</UniqueIdentifier>
    </Filter>
    <Filter Include="头文件\Core">
      <UniqueIdentifier>{0fb13ea6-214a-4507-94ce-aa40a45e4116}</UniqueIdentifier>
    </Filter>
    <Filter Include="头文件\Graphics">
      <UniqueIdentifier>{2d1ea517-2c8a-49e3-a49d-f0a69ccec94b}</UniqueIdentifier>
    </Filter>
    <Filter Include="头文件\Resources">
      <UniqueIdentifier>{945c425c-948b-42f5-9ee1-2ab5d4ce9f51}</UniqueIdentifier>
    </Filter>
    <Filter Include="头文件\Logic">
      <UniqueIdentifier>{ec2d421f-3a16-4c41-b62d-744fb18d066d}</UniqueIdentifier>
    </Filter>
    <Filter Include="头文件\ThirdParty">
      <UniqueIdentifier>{2a9b3764-7b83-4719-b2e1-eab783846441}</UniqueIdentifier>
    </Filter>
    <Filter Include="头文件\Pass">
      <UniqueIdentifier>{649f9af8-0e4e-482c-9719-5a930eda3f05}</UniqueIdentifier>
    </Filter>
  </ItemGroup>
  <ItemGroup>
    <None Include="packages.config" />
    <None Include="Shaders\Shaders_For_Cubemap.hlsl">
      <Filter>源文件\Shaders</Filter>
    </None>
    <None Include="Shaders\Shaders_For_Irradiance%28deprecated%29.hlsl">
      <Filter>源文件\Shaders</Filter>
    </None>
    <None Include="Shaders\Shaders_For_PBR.hlsl">
      <Filter>源文件\Shaders</Filter>
    </None>
    <None Include="Shaders\Shaders_For_Sky_Box.hlsl">
      <Filter>源文件\Shaders</Filter>
    </None>
    <None Include="Shaders\Shaders_For_Split_Sum.hlsl">
      <Filter>源文件\Shaders</Filter>
    </None>
    <None Include="Shaders\Shaders_For_SH_Calculate.hlsl">
      <Filter>源文件\Shaders</Filter>
    </None>
    <None Include="Shaders\Shaders_For_Shadow.hlsl">
      <Filter>源文件\Shaders</Filter>
    </None>
  </ItemGroup>
  <ItemGroup>
    <ClInclude Include="Assets.h">
      <Filter>头文件\Scene_Assets</Filter>
    </ClInclude>
    <ClInclude Include="D3D12App.h">
      <Filter>头文件\Core</Filter>
    </ClInclude>
    <ClInclude Include="Window.h">
      <Filter>头文件\Core</Filter>
    </ClInclude>
    <ClInclude Include="stdafx.h">
      <Filter>头文件\Core</Filter>
    </ClInclude>
    <ClInclude Include="PBR_Shader.h">
      <Filter>头文件\Graphics</Filter>
    </ClInclude>
    <ClInclude Include="PipelineManager.h">
      <Filter>头文件\Graphics</Filter>
    </ClInclude>
    <ClInclude Include="RenderDevice.h">
      <Filter>头文件\Graphics</Filter>
    </ClInclude>
    <ClInclude Include="PBR_Model.h">
      <Filter>头文件\Resources</Filter>
    </ClInclude>
    <ClInclude Include="IBLBaker.h">
      <Filter>头文件\Resources</Filter>
    </ClInclude>
    <ClInclude Include="ResourceManager.h">
      <Filter>头文件\Resources</Filter>
    </ClInclude>
    <ClInclude Include="Camera.h">
      <Filter>头文件\Logic</Filter>
    </ClInclude>
    <ClInclude Include="SceneObject.h">
      <Filter>头文件\Logic</Filter>
    </ClInclude>
    <ClInclude Include="InputManager.h">
      <Filter>头文件\Logic</Filter>
    </ClInclude>
    <ClInclude Include="stb_image.h">
      <Filter>头文件\ThirdParty</Filter>
    </ClInclude>
    <ClInclude Include="tiny_gltf.h">
      <Filter>头文件\ThirdParty</Filter>
    </ClInclude>
    <ClInclude Include="json.hpp">
      <Filter>头文件\ThirdParty</Filter>
    </ClInclude>
    <ClInclude Include="Pass_Shadow.h">
      <Filter>头文件\Pass</Filter>
    </ClInclude>
  </ItemGroup>
  <ItemGroup>
    <ClCompile Include="PBR_Render.cpp">
      <Filter>源文件</Filter>
    </ClCompile>
  </ItemGroup>
</Project>